
Microsoft Visual Studio Solution File, Format Version 12.00
# Visual Studio Version 17
VisualStudioVersion = 17.5.002.0
MinimumVisualStudioVersion = 10.0.40219.1
Project("{9A19103F-16F7-4668-BE54-9A1E7A4F7556}") = "CS_week01_ex01_examenoef", "CS_week01_ex01_examenoef.csproj", "{344E7DE9-E451-4B23-98C5-881AC1DD5016}"
EndProject
Global
	GlobalSection(SolutionConfigurationPlatforms) = preSolution
		Debug|Any CPU = Debug|Any CPU
		Release|Any CPU = Release|Any CPU
	EndGlobalSection
	GlobalSection(ProjectConfigurationPlatforms) = postSolution
		{344E7DE9-E451-4B23-98C5-881AC1DD5016}.Debug|Any CPU.ActiveCfg = Debug|Any CPU
		{344E7DE9-E451-4B23-98C5-881AC1DD5016}.Debug|Any CPU.Build.0 = Debug|Any CPU
		{344E7DE9-E451-4B23-98C5-881AC1DD5016}.Release|Any CPU.ActiveCfg = Release|Any CPU
		{344E7DE9-E451-4B23-98C5-881AC1DD5016}.Release|Any CPU.Build.0 = Release|Any CPU
	EndGlobalSection
	GlobalSection(SolutionProperties) = preSolution
		HideSolutionNode = FALSE
	EndGlobalSection
	GlobalSection(ExtensibilityGlobals) = postSolution
		SolutionGuid = {6FE6A1B1-DB73-42EE-8CDD-478E55359D33}
	EndGlobalSection
EndGlobal
